
Microsoft Visual Studio Solution File, Format Version 12.00
# Visual Studio Version 17
VisualStudioVersion = 17.5.33516.290
MinimumVisualStudioVersion = 10.0.40219.1
Project("{FAE04EC0-301F-11D3-BF4B-00C04F79EFBC}") = "BankingSystem", "BankingSystem\BankingSystem.csproj", "{09554731-ACEF-42C9-851F-D8A39AC27DB8}"
EndProject
Global
	GlobalSection(SolutionConfigurationPlatforms) = preSolution
		Debug|Any CPU = Debug|Any CPU
		Release|Any CPU = Release|Any CPU
	EndGlobalSection
	GlobalSection(ProjectConfigurationPlatforms) = postSolution
		{09554731-ACEF-42C9-851F-D8A39AC27DB8}.Debug|Any CPU.ActiveCfg = Debug|Any CPU
		{09554731-ACEF-42C9-851F-D8A39AC27DB8}.Debug|Any CPU.Build.0 = Debug|Any CPU
		{09554731-ACEF-42C9-851F-D8A39AC27DB8}.Release|Any CPU.ActiveCfg = Release|Any CPU
		{09554731-ACEF-42C9-851F-D8A39AC27DB8}.Release|Any CPU.Build.0 = Release|Any CPU
	EndGlobalSection
	GlobalSection(SolutionProperties) = preSolution
		HideSolutionNode = FALSE
	EndGlobalSection
	GlobalSection(ExtensibilityGlobals) = postSolution
		SolutionGuid = {2FA3D995-6D00-4712-BDF8-ABBED78A9E89}
	EndGlobalSection
EndGlobal
